{
  "name": "reporte-de-incidentes",
  "version": "1.0.0",
  "lockfileVersion": 3,
  "requires": true,
  "packages": {
    "": {
      "name": "reporte-de-incidentes",
      "version": "1.0.0",
      "license": "ISC",
      "dependencies": {
        "nodewatch": "^0.3.2"
      }
    },
    "node_modules/nodewatch": {
      "version": "0.3.2",
      "resolved": "https://registry.npmjs.org/nodewatch/-/nodewatch-0.3.2.tgz",
      "integrity": "sha512-99ce9ao3KrUHRkRSSqmWk8xf7ulZTy5533qeF6l1mD3z1Cr5EZDZQnsd8KfSW5Fxc8s5w2fkLzloWqHBHwmDgg==",
      "deprecated": "Obsolete",
      "engines": {
        "node": ">=0.4.0"
      }
    }
  }
}
